
Microsoft Visual Studio Solution File, Format Version 12.00
# Visual Studio Version 16
VisualStudioVersion = 16.0.28714.193
MinimumVisualStudioVersion = 10.0.40219.1
Project("{FAE04EC0-301F-11D3-BF4B-00C04F79EFBC}") = "ConsoleMVC", "ConsoleMVC\ConsoleMVC.csproj", "{B661E7B7-267B-4F08-9259-D599FF3851D8}"
EndProject
Global
	GlobalSection(SolutionConfigurationPlatforms) = preSolution
		Debug|Any CPU = Debug|Any CPU
		Release|Any CPU = Release|Any CPU
	EndGlobalSection
	GlobalSection(ProjectConfigurationPlatforms) = postSolution
		{B661E7B7-267B-4F08-9259-D599FF3851D8}.Debug|Any CPU.ActiveCfg = Debug|Any CPU
		{B661E7B7-267B-4F08-9259-D599FF3851D8}.Debug|Any CPU.Build.0 = Debug|Any CPU
		{B661E7B7-267B-4F08-9259-D599FF3851D8}.Release|Any CPU.ActiveCfg = Release|Any CPU
		{B661E7B7-267B-4F08-9259-D599FF3851D8}.Release|Any CPU.Build.0 = Release|Any CPU
	EndGlobalSection
	GlobalSection(SolutionProperties) = preSolution
		HideSolutionNode = FALSE
	EndGlobalSection
	GlobalSection(ExtensibilityGlobals) = postSolution
		SolutionGuid = {3C15B70A-A5C2-4D50-8C48-9F38A8E619EC}
	EndGlobalSection
EndGlobal
